// !$*UTF8*$!
{
	archiveVersion = 1;
	classes = {
	};
	objectVersion = 56;
	objects = {

/* Begin PBXBuildFile section */
		3D65A74929ED1C6E0048C0CB /* LoginViewController.swift in Sources */ = {isa = PBXBuildFile; fileRef = 3D65A74829ED1C6E0048C0CB /* LoginViewController.swift */; };
		D0A2A3CC29EC5445002B2850 /* AppDelegate.swift in Sources */ = {isa = PBXBuildFile; fileRef = D0A2A3CB29EC5445002B2850 /* AppDelegate.swift */; };
		D0A2A3CE29EC5445002B2850 /* SceneDelegate.swift in Sources */ = {isa = PBXBuildFile; fileRef = D0A2A3CD29EC5445002B2850 /* SceneDelegate.swift */; };
		D0A2A3D029EC5445002B2850 /* BaseViewController.swift in Sources */ = {isa = PBXBuildFile; fileRef = D0A2A3CF29EC5445002B2850 /* BaseViewController.swift */; };
		D0A2A3D529EC5446002B2850 /* Assets.xcassets in Resources */ = {isa = PBXBuildFile; fileRef = D0A2A3D429EC5446002B2850 /* Assets.xcassets */; };
		D0A2A3D829EC5446002B2850 /* LaunchScreen.storyboard in Resources */ = {isa = PBXBuildFile; fileRef = D0A2A3D629EC5446002B2850 /* LaunchScreen.storyboard */; };
		D0A2A3EE29ECF631002B2850 /* UITextField+leftPadding.swift in Sources */ = {isa = PBXBuildFile; fileRef = D0A2A3ED29ECF631002B2850 /* UITextField+leftPadding.swift */; };
		D0A2A3F029ECF6CC002B2850 /* UIView+addSubviews.swift in Sources */ = {isa = PBXBuildFile; fileRef = D0A2A3EF29ECF6CC002B2850 /* UIView+addSubviews.swift */; };
		D0A2A3F229ECF729002B2850 /* UIColor+ColorSet.swift in Sources */ = {isa = PBXBuildFile; fileRef = D0A2A3F129ECF729002B2850 /* UIColor+ColorSet.swift */; };
		D0A2A3F829ED1911002B2850 /* SnapKit in Frameworks */ = {isa = PBXBuildFile; productRef = D0A2A3F729ED1911002B2850 /* SnapKit */; };
		D0A2A3FB29ED191F002B2850 /* Then in Frameworks */ = {isa = PBXBuildFile; productRef = D0A2A3FA29ED191F002B2850 /* Then */; };
		D0A2A3FD29ED2E91002B2850 /* FindPasswordViewController.swift in Sources */ = {isa = PBXBuildFile; fileRef = D0A2A3FC29ED2E91002B2850 /* FindPasswordViewController.swift */; };
/* End PBXBuildFile section */

/* Begin PBXFileReference section */
		3D65A74829ED1C6E0048C0CB /* LoginViewController.swift */ = {isa = PBXFileReference; lastKnownFileType = sourcecode.swift; path = LoginViewController.swift; sourceTree = "<group>"; };
		D0A2A3C829EC5445002B2850 /* iOS_test.app */ = {isa = PBXFileReference; explicitFileType = wrapper.application; includeInIndex = 0; path = iOS_test.app; sourceTree = BUILT_PRODUCTS_DIR; };
		D0A2A3CB29EC5445002B2850 /* AppDelegate.swift */ = {isa = PBXFileReference; lastKnownFileType = sourcecode.swift; path = AppDelegate.swift; sourceTree = "<group>"; };
		D0A2A3CD29EC5445002B2850 /* SceneDelegate.swift */ = {isa = PBXFileReference; lastKnownFileType = sourcecode.swift; path = SceneDelegate.swift; sourceTree = "<group>"; };
		D0A2A3CF29EC5445002B2850 /* BaseViewController.swift */ = {isa = PBXFileReference; lastKnownFileType = sourcecode.swift; path = BaseViewController.swift; sourceTree = "<group>"; };
		D0A2A3D429EC5446002B2850 /* Assets.xcassets */ = {isa = PBXFileReference; lastKnownFileType = folder.assetcatalog; path = Assets.xcassets; sourceTree = "<group>"; };
		D0A2A3D729EC5446002B2850 /* Base */ = {isa = PBXFileReference; lastKnownFileType = file.storyboard; name = Base; path = Base.lproj/LaunchScreen.storyboard; sourceTree = "<group>"; };
		D0A2A3D929EC5446002B2850 /* Info.plist */ = {isa = PBXFileReference; lastKnownFileType = text.plist.xml; path = Info.plist; sourceTree = "<group>"; };
		D0A2A3ED29ECF631002B2850 /* UITextField+leftPadding.swift */ = {isa = PBXFileReference; lastKnownFileType = sourcecode.swift; path = "UITextField+leftPadding.swift"; sourceTree = "<group>"; };
		D0A2A3EF29ECF6CC002B2850 /* UIView+addSubviews.swift */ = {isa = PBXFileReference; lastKnownFileType = sourcecode.swift; path = "UIView+addSubviews.swift"; sourceTree = "<group>"; };
		D0A2A3F129ECF729002B2850 /* UIColor+ColorSet.swift */ = {isa = PBXFileReference; lastKnownFileType = sourcecode.swift; path = "UIColor+ColorSet.swift"; sourceTree = "<group>"; };
		D0A2A3FC29ED2E91002B2850 /* FindPasswordViewController.swift */ = {isa = PBXFileReference; lastKnownFileType = sourcecode.swift; path = FindPasswordViewController.swift; sourceTree = "<group>"; };
/* End PBXFileReference section */

/* Begin PBXFrameworksBuildPhase section */
		D0A2A3C529EC5445002B2850 /* Frameworks */ = {
			isa = PBXFrameworksBuildPhase;
			buildActionMask = 2147483647;
			files = (
				D0A2A3F829ED1911002B2850 /* SnapKit in Frameworks */,
				D0A2A3FB29ED191F002B2850 /* Then in Frameworks */,
			);
			runOnlyForDeploymentPostprocessing = 0;
		};
/* End PBXFrameworksBuildPhase section */

/* Begin PBXGroup section */
		D0A2A3BF29EC5445002B2850 = {
			isa = PBXGroup;
			children = (
				D0A2A3CA29EC5445002B2850 /* iOS_test */,
				D0A2A3C929EC5445002B2850 /* Products */,
			);
			sourceTree = "<group>";
		};
		D0A2A3C929EC5445002B2850 /* Products */ = {
			isa = PBXGroup;
			children = (
				D0A2A3C829EC5445002B2850 /* iOS_test.app */,
			);
			name = Products;
			sourceTree = "<group>";
		};
		D0A2A3CA29EC5445002B2850 /* iOS_test */ = {
			isa = PBXGroup;
			children = (
				D0A2A3EC29ECF61A002B2850 /* extensions */,
				D0A2A3DF29EC545D002B2850 /* Base */,
				D0A2A3CB29EC5445002B2850 /* AppDelegate.swift */,
				D0A2A3CD29EC5445002B2850 /* SceneDelegate.swift */,
				D0A2A3D429EC5446002B2850 /* Assets.xcassets */,
				D0A2A3D629EC5446002B2850 /* LaunchScreen.storyboard */,
				D0A2A3D929EC5446002B2850 /* Info.plist */,
				D0A2A3FC29ED2E91002B2850 /* FindPasswordViewController.swift */,
			);
			path = iOS_test;
			sourceTree = "<group>";
		};
		D0A2A3DF29EC545D002B2850 /* Base */ = {
			isa = PBXGroup;
			children = (
				D0A2A3CF29EC5445002B2850 /* BaseViewController.swift */,
			);
			path = Base;
			sourceTree = "<group>";
		};
		D0A2A3EC29ECF61A002B2850 /* extensions */ = {
			isa = PBXGroup;
			children = (
				D0A2A3ED29ECF631002B2850 /* UITextField+leftPadding.swift */,
				D0A2A3EF29ECF6CC002B2850 /* UIView+addSubviews.swift */,
				D0A2A3F129ECF729002B2850 /* UIColor+ColorSet.swift */,
			);
			path = extensions;
			sourceTree = "<group>";
		};
/* End PBXGroup section */

/* Begin PBXNativeTarget section */
		D0A2A3C729EC5445002B2850 /* iOS_test */ = {
			isa = PBXNativeTarget;
			buildConfigurationList = D0A2A3DC29EC5446002B2850 /* Build configuration list for PBXNativeTarget "iOS_test" */;
			buildPhases = (
				D0A2A3C429EC5445002B2850 /* Sources */,
				D0A2A3C529EC5445002B2850 /* Frameworks */,
				D0A2A3C629EC5445002B2850 /* Resources */,
			);
			buildRules = (
			);
			dependencies = (
			);
			name = iOS_test;
			packageProductDependencies = (
				D0A2A3F729ED1911002B2850 /* SnapKit */,
				D0A2A3FA29ED191F002B2850 /* Then */,
			);
			productName = iOS_test;
			productReference = D0A2A3C829EC5445002B2850 /* iOS_test.app */;
			productType = "com.apple.product-type.application";
		};
/* End PBXNativeTarget section */

/* Begin PBXProject section */
		D0A2A3C029EC5445002B2850 /* Project object */ = {
			isa = PBXProject;
			attributes = {
				BuildIndependentTargetsInParallel = 1;
				LastSwiftUpdateCheck = 1430;
				LastUpgradeCheck = 1430;
				TargetAttributes = {
					D0A2A3C729EC5445002B2850 = {
						CreatedOnToolsVersion = 14.3;
					};
				};
			};
			buildConfigurationList = D0A2A3C329EC5445002B2850 /* Build configuration list for PBXProject "iOS_test" */;
			compatibilityVersion = "Xcode 14.0";
			developmentRegion = en;
			hasScannedForEncodings = 0;
			knownRegions = (
				en,
				Base,
			);
			mainGroup = D0A2A3BF29EC5445002B2850;
			packageReferences = (
				D0A2A3F629ED1911002B2850 /* XCRemoteSwiftPackageReference "SnapKit" */,
				D0A2A3F929ED191F002B2850 /* XCRemoteSwiftPackageReference "Then" */,
			);
			productRefGroup = D0A2A3C929EC5445002B2850 /* Products */;
			projectDirPath = "";
			projectRoot = "";
			targets = (
				D0A2A3C729EC5445002B2850 /* iOS_test */,
			);
		};
/* End PBXProject section */

/* Begin PBXResourcesBuildPhase section */
		D0A2A3C629EC5445002B2850 /* Resources */ = {
			isa = PBXResourcesBuildPhase;
			buildActionMask = 2147483647;
			files = (
				D0A2A3D829EC5446002B2850 /* LaunchScreen.storyboard in Resources */,
				D0A2A3D529EC5446002B2850 /* Assets.xcassets in Resources */,
			);
			runOnlyForDeploymentPostprocessing = 0;
		};
/* End PBXResourcesBuildPhase section */

/* Begin PBXSourcesBuildPhase section */
		D0A2A3C429EC5445002B2850 /* Sources */ = {
			isa = PBXSourcesBuildPhase;
			buildActionMask = 2147483647;
			files = (
				3D65A74929ED1C6E0048C0CB /* LoginViewController.swift in Sources */,
				D0A2A3F229ECF729002B2850 /* UIColor+ColorSet.swift in Sources */,
				D0A2A3F029ECF6CC002B2850 /* UIView+addSubviews.swift in Sources */,
				D0A2A3FD29ED2E91002B2850 /* FindPasswordViewController.swift in Sources */,
				D0A2A3EE29ECF631002B2850 /* UITextField+leftPadding.swift in Sources */,
				D0A2A3D029EC5445002B2850 /* BaseViewController.swift in Sources */,
				D0A2A3CC29EC5445002B2850 /* AppDelegate.swift in Sources */,
				D0A2A3CE29EC5445002B2850 /* SceneDelegate.swift in Sources */,
			);
			runOnlyForDeploymentPostprocessing = 0;
		};
/* End PBXSourcesBuildPhase section */

/* Begin PBXVariantGroup section */
		D0A2A3D629EC5446002B2850 /* LaunchScreen.storyboard */ = {
			isa = PBXVariantGroup;
			children = (
				D0A2A3D729EC5446002B2850 /* Base */,
			);
			name = LaunchScreen.storyboard;
			sourceTree = "<group>";
		};
/* End PBXVariantGroup section */

/* Begin XCBuildConfiguration section */
		D0A2A3DA29EC5446002B2850 /* Debug */ = {
			isa = XCBuildConfiguration;
			buildSettings = {
				ALWAYS_SEARCH_USER_PATHS = NO;
				CLANG_ANALYZER_NONNULL = YES;
				CLANG_ANALYZER_NUMBER_OBJECT_CONVERSION = YES_AGGRESSIVE;
				CLANG_CXX_LANGUAGE_STANDARD = "gnu++20";
				CLANG_ENABLE_MODULES = YES;
				CLANG_ENABLE_OBJC_ARC = YES;
				CLANG_ENABLE_OBJC_WEAK = YES;
				CLANG_WARN_BLOCK_CAPTURE_AUTORELEASING = YES;
				CLANG_WARN_BOOL_CONVERSION = YES;
				CLANG_WARN_COMMA = YES;
				CLANG_WARN_CONSTANT_CONVERSION = YES;
				CLANG_WARN_DEPRECATED_OBJC_IMPLEMENTATIONS = YES;
				CLANG_WARN_DIRECT_OBJC_ISA_USAGE = YES_ERROR;
				CLANG_WARN_DOCUMENTATION_COMMENTS = YES;
				CLANG_WARN_EMPTY_BODY = YES;
				CLANG_WARN_ENUM_CONVERSION = YES;
				CLANG_WARN_INFINITE_RECURSION = YES;
				CLANG_WARN_INT_CONVERSION = YES;
				CLANG_WARN_NON_LITERAL_NULL_CONVERSION = YES;
				CLANG_WARN_OBJC_IMPLICIT_RETAIN_SELF = YES;
				CLANG_WARN_OBJC_LITERAL_CONVERSION = YES;
				CLANG_WARN_OBJC_ROOT_CLASS = YES_ERROR;
				CLANG_WARN_QUOTED_INCLUDE_IN_FRAMEWORK_HEADER = YES;
				CLANG_WARN_RANGE_LOOP_ANALYSIS = YES;
				CLANG_WARN_STRICT_PROTOTYPES = YES;
				CLANG_WARN_SUSPICIOUS_MOVE = YES;
				CLANG_WARN_UNGUARDED_AVAILABILITY = YES_AGGRESSIVE;
				CLANG_WARN_UNREACHABLE_CODE = YES;
				CLANG_WARN__DUPLICATE_METHOD_MATCH = YES;
				COPY_PHASE_STRIP = NO;
				DEBUG_INFORMATION_FORMAT = dwarf;
				ENABLE_STRICT_OBJC_MSGSEND = YES;
				ENABLE_TESTABILITY = YES;
				GCC_C_LANGUAGE_STANDARD = gnu11;
				GCC_DYNAMIC_NO_PIC = NO;
				GCC_NO_COMMON_BLOCKS = YES;
				GCC_OPTIMIZATION_LEVEL = 0;
				GCC_PREPROCESSOR_DEFINITIONS = (
					"DEBUG=1",
					"$(inherited)",
				);
				GCC_WARN_64_TO_32_BIT_CONVERSION = YES;
				GCC_WARN_ABOUT_RETURN_TYPE = YES_ERROR;
				GCC_WARN_UNDECLARED_SELECTOR = YES;
				GCC_WARN_UNINITIALIZED_AUTOS = YES_AGGRESSIVE;
				GCC_WARN_UNUSED_FUNCTION = YES;
				GCC_WARN_UNUSED_VARIABLE = YES;
				IPHONEOS_DEPLOYMENT_TARGET = 16.4;
				MTL_ENABLE_DEBUG_INFO = INCLUDE_SOURCE;
				MTL_FAST_MATH = YES;
				ONLY_ACTIVE_ARCH = YES;
				SDKROOT = iphoneos;
				SWIFT_ACTIVE_COMPILATION_CONDITIONS = DEBUG;
				SWIFT_OPTIMIZATION_LEVEL = "-Onone";
			};
			name = Debug;
		};
		D0A2A3DB29EC5446002B2850 /* Release */ = {
			isa = XCBuildConfiguration;
			buildSettings = {
				ALWAYS_SEARCH_USER_PATHS = NO;
				CLANG_ANALYZER_NONNULL = YES;
				CLANG_ANALYZER_NUMBER_OBJECT_CONVERSION = YES_AGGRESSIVE;
				CLANG_CXX_LANGUAGE_STANDARD = "gnu++20";
				CLANG_ENABLE_MODULES = YES;
				CLANG_ENABLE_OBJC_ARC = YES;
				CLANG_ENABLE_OBJC_WEAK = YES;
				CLANG_WARN_BLOCK_CAPTURE_AUTORELEASING = YES;
				CLANG_WARN_BOOL_CONVERSION = YES;
				CLANG_WARN_COMMA = YES;
				CLANG_WARN_CONSTANT_CONVERSION = YES;
				CLANG_WARN_DEPRECATED_OBJC_IMPLEMENTATIONS = YES;
				CLANG_WARN_DIRECT_OBJC_ISA_USAGE = YES_ERROR;
				CLANG_WARN_DOCUMENTATION_COMMENTS = YES;
				CLANG_WARN_EMPTY_BODY = YES;
				CLANG_WARN_ENUM_CONVERSION = YES;
				CLANG_WARN_INFINITE_RECURSION = YES;
				CLANG_WARN_INT_CONVERSION = YES;
				CLANG_WARN_NON_LITERAL_NULL_CONVERSION = YES;
				CLANG_WARN_OBJC_IMPLICIT_RETAIN_SELF = YES;
				CLANG_WARN_OBJC_LITERAL_CONVERSION = YES;
				CLANG_WARN_OBJC_ROOT_CLASS = YES_ERROR;
				CLANG_WARN_QUOTED_INCLUDE_IN_FRAMEWORK_HEADER = YES;
				CLANG_WARN_RANGE_LOOP_ANALYSIS = YES;
				CLANG_WARN_STRICT_PROTOTYPES = YES;
				CLANG_WARN_SUSPICIOUS_MOVE = YES;
				CLANG_WARN_UNGUARDED_AVAILABILITY = YES_AGGRESSIVE;
				CLANG_WARN_UNREACHABLE_CODE = YES;
				CLANG_WARN__DUPLICATE_METHOD_MATCH = YES;
				COPY_PHASE_STRIP = NO;
				DEBUG_INFORMATION_FORMAT = "dwarf-with-dsym";
				ENABLE_NS_ASSERTIONS = NO;
				ENABLE_STRICT_OBJC_MSGSEND = YES;
				GCC_C_LANGUAGE_STANDARD = gnu11;
				GCC_NO_COMMON_BLOCKS = YES;
				GCC_WARN_64_TO_32_BIT_CONVERSION = YES;
				GCC_WARN_ABOUT_RETURN_TYPE = YES_ERROR;
				GCC_WARN_UNDECLARED_SELECTOR = YES;
				GCC_WARN_UNINITIALIZED_AUTOS = YES_AGGRESSIVE;
				GCC_WARN_UNUSED_FUNCTION = YES;
				GCC_WARN_UNUSED_VARIABLE = YES;
				IPHONEOS_DEPLOYMENT_TARGET = 16.4;
				MTL_ENABLE_DEBUG_INFO = NO;
				MTL_FAST_MATH = YES;
				SDKROOT = iphoneos;
				SWIFT_COMPILATION_MODE = wholemodule;
				SWIFT_OPTIMIZATION_LEVEL = "-O";
				VALIDATE_PRODUCT = YES;
			};
			name = Release;
		};
		D0A2A3DD29EC5446002B2850 /* Debug */ = {
			isa = XCBuildConfiguration;
			buildSettings = {
				ASSETCATALOG_COMPILER_APPICON_NAME = AppIcon;
				ASSETCATALOG_COMPILER_GLOBAL_ACCENT_COLOR_NAME = AccentColor;
				CODE_SIGN_STYLE = Automatic;
				CURRENT_PROJECT_VERSION = 1;
				DEVELOPMENT_TEAM = FHST2C78H4;
				GENERATE_INFOPLIST_FILE = YES;
				INFOPLIST_FILE = iOS_test/Info.plist;
				INFOPLIST_KEY_UIApplicationSupportsIndirectInputEvents = YES;
				INFOPLIST_KEY_UILaunchStoryboardName = LaunchScreen;
				INFOPLIST_KEY_UISupportedInterfaceOrientations_iPad = "UIInterfaceOrientationPortrait UIInterfaceOrientationPortraitUpsideDown UIInterfaceOrientationLandscapeLeft UIInterfaceOrientationLandscapeRight";
				INFOPLIST_KEY_UISupportedInterfaceOrientations_iPhone = "UIInterfaceOrientationPortrait UIInterfaceOrientationLandscapeLeft UIInterfaceOrientationLandscapeRight";
				LD_RUNPATH_SEARCH_PATHS = (
					"$(inherited)",
					"@executable_path/Frameworks",
				);
				MARKETING_VERSION = 1.0;
				PRODUCT_BUNDLE_IDENTIFIER = "yoonseo.iOS-test";
				PRODUCT_NAME = "$(TARGET_NAME)";
				SWIFT_EMIT_LOC_STRINGS = YES;
				SWIFT_VERSION = 5.0;
				TARGETED_DEVICE_FAMILY = "1,2";
			};
			name = Debug;
		};
		D0A2A3DE29EC5446002B2850 /* Release */ = {
			isa = XCBuildConfiguration;
			buildSettings = {
				ASSETCATALOG_COMPILER_APPICON_NAME = AppIcon;
				ASSETCATALOG_COMPILER_GLOBAL_ACCENT_COLOR_NAME = AccentColor;
				CODE_SIGN_STYLE = Automatic;
				CURRENT_PROJECT_VERSION = 1;
				DEVELOPMENT_TEAM = FHST2C78H4;
				GENERATE_INFOPLIST_FILE = YES;
				INFOPLIST_FILE = iOS_test/Info.plist;
				INFOPLIST_KEY_UIApplicationSupportsIndirectInputEvents = YES;
				INFOPLIST_KEY_UILaunchStoryboardName = LaunchScreen;
				INFOPLIST_KEY_UISupportedInterfaceOrientations_iPad = "UIInterfaceOrientationPortrait UIInterfaceOrientationPortraitUpsideDown UIInterfaceOrientationLandscapeLeft UIInterfaceOrientationLandscapeRight";
				INFOPLIST_KEY_UISupportedInterfaceOrientations_iPhone = "UIInterfaceOrientationPortrait UIInterfaceOrientationLandscapeLeft UIInterfaceOrientationLandscapeRight";
				LD_RUNPATH_SEARCH_PATHS = (
					"$(inherited)",
					"@executable_path/Frameworks",
				);
				MARKETING_VERSION = 1.0;
				PRODUCT_BUNDLE_IDENTIFIER = "yoonseo.iOS-test";
				PRODUCT_NAME = "$(TARGET_NAME)";
				SWIFT_EMIT_LOC_STRINGS = YES;
				SWIFT_VERSION = 5.0;
				TARGETED_DEVICE_FAMILY = "1,2";
			};
			name = Release;
		};
/* End XCBuildConfiguration section */

/* Begin XCConfigurationList section */
		D0A2A3C329EC5445002B2850 /* Build configuration list for PBXProject "iOS_test" */ = {
			isa = XCConfigurationList;
			buildConfigurations = (
				D0A2A3DA29EC5446002B2850 /* Debug */,
				D0A2A3DB29EC5446002B2850 /* Release */,
			);
			defaultConfigurationIsVisible = 0;
			defaultConfigurationName = Release;
		};
		D0A2A3DC29EC5446002B2850 /* Build configuration list for PBXNativeTarget "iOS_test" */ = {
			isa = XCConfigurationList;
			buildConfigurations = (
				D0A2A3DD29EC5446002B2850 /* Debug */,
				D0A2A3DE29EC5446002B2850 /* Release */,
			);
			defaultConfigurationIsVisible = 0;
			defaultConfigurationName = Release;
		};
/* End XCConfigurationList section */

/* Begin XCRemoteSwiftPackageReference section */
		D0A2A3F629ED1911002B2850 /* XCRemoteSwiftPackageReference "SnapKit" */ = {
			isa = XCRemoteSwiftPackageReference;
			repositoryURL = "https://github.com/SnapKit/SnapKit";
			requirement = {
				kind = upToNextMajorVersion;
				minimumVersion = 5.0.0;
			};
		};
		D0A2A3F929ED191F002B2850 /* XCRemoteSwiftPackageReference "Then" */ = {
			isa = XCRemoteSwiftPackageReference;
			repositoryURL = "https://github.com/devxoul/Then.git";
			requirement = {
				kind = upToNextMajorVersion;
				minimumVersion = 3.0.0;
			};
		};
/* End XCRemoteSwiftPackageReference section */

/* Begin XCSwiftPackageProductDependency section */
		D0A2A3F729ED1911002B2850 /* SnapKit */ = {
			isa = XCSwiftPackageProductDependency;
			package = D0A2A3F629ED1911002B2850 /* XCRemoteSwiftPackageReference "SnapKit" */;
			productName = SnapKit;
		};
		D0A2A3FA29ED191F002B2850 /* Then */ = {
			isa = XCSwiftPackageProductDependency;
			package = D0A2A3F929ED191F002B2850 /* XCRemoteSwiftPackageReference "Then" */;
			productName = Then;
		};
/* End XCSwiftPackageProductDependency section */
	};
	rootObject = D0A2A3C029EC5445002B2850 /* Project object */;
}
